
Microsoft Visual Studio Solution File, Format Version 12.00
# Visual Studio Version 17
VisualStudioVersion = 17.9.34902.65
MinimumVisualStudioVersion = 10.0.40219.1
Project("{FAE04EC0-301F-11D3-BF4B-00C04F79EFBC}") = "myoung_Portfolio2222", "myoung_Portfolio2222\myoung_Portfolio2222.csproj", "{EC00B6B0-F7FE-4B2B-B2E5-3EDD05802087}"
EndProject
Global
	GlobalSection(SolutionConfigurationPlatforms) = preSolution
		Debug|Any CPU = Debug|Any CPU
		Release|Any CPU = Release|Any CPU
	EndGlobalSection
	GlobalSection(ProjectConfigurationPlatforms) = postSolution
		{EC00B6B0-F7FE-4B2B-B2E5-3EDD05802087}.Debug|Any CPU.ActiveCfg = Debug|Any CPU
		{EC00B6B0-F7FE-4B2B-B2E5-3EDD05802087}.Debug|Any CPU.Build.0 = Debug|Any CPU
		{EC00B6B0-F7FE-4B2B-B2E5-3EDD05802087}.Release|Any CPU.ActiveCfg = Release|Any CPU
		{EC00B6B0-F7FE-4B2B-B2E5-3EDD05802087}.Release|Any CPU.Build.0 = Release|Any CPU
	EndGlobalSection
	GlobalSection(SolutionProperties) = preSolution
		HideSolutionNode = FALSE
	EndGlobalSection
	GlobalSection(ExtensibilityGlobals) = postSolution
		SolutionGuid = {A1A39314-61DB-4C3D-9088-C5C92D25643C}
	EndGlobalSection
EndGlobal
